
Microsoft Visual Studio Solution File, Format Version 12.00
Project("{FAE04EC0-301F-11D3-BF4B-00C04F79EFBC}") = "Composite", "Composite\Composite.csproj", "{082F62B9-8CAB-4A4C-BD76-70548A3DA957}"
EndProject
Global
	GlobalSection(SolutionConfigurationPlatforms) = preSolution
		Debug|Any CPU = Debug|Any CPU
		Release|Any CPU = Release|Any CPU
	EndGlobalSection
	GlobalSection(ProjectConfigurationPlatforms) = postSolution
		{082F62B9-8CAB-4A4C-BD76-70548A3DA957}.Debug|Any CPU.ActiveCfg = Debug|Any CPU
		{082F62B9-8CAB-4A4C-BD76-70548A3DA957}.Debug|Any CPU.Build.0 = Debug|Any CPU
		{082F62B9-8CAB-4A4C-BD76-70548A3DA957}.Release|Any CPU.ActiveCfg = Release|Any CPU
		{082F62B9-8CAB-4A4C-BD76-70548A3DA957}.Release|Any CPU.Build.0 = Release|Any CPU
	EndGlobalSection
EndGlobal
